
Microsoft Visual Studio Solution File, Format Version 12.00
# Visual Studio 15
VisualStudioVersion = 15.0.27703.2000
MinimumVisualStudioVersion = 10.0.40219.1
Project("{FAE04EC0-301F-11D3-BF4B-00C04F79EFBC}") = "BookApp53", "BookApp53\BookApp53.csproj", "{C2845F1D-DFD1-4737-A9A9-7E1E2BE575ED}"
EndProject
Global
	GlobalSection(SolutionConfigurationPlatforms) = preSolution
		Debug|Any CPU = Debug|Any CPU
		Release|Any CPU = Release|Any CPU
	EndGlobalSection
	GlobalSection(ProjectConfigurationPlatforms) = postSolution
		{C2845F1D-DFD1-4737-A9A9-7E1E2BE575ED}.Debug|Any CPU.ActiveCfg = Debug|Any CPU
		{C2845F1D-DFD1-4737-A9A9-7E1E2BE575ED}.Debug|Any CPU.Build.0 = Debug|Any CPU
		{C2845F1D-DFD1-4737-A9A9-7E1E2BE575ED}.Release|Any CPU.ActiveCfg = Release|Any CPU
		{C2845F1D-DFD1-4737-A9A9-7E1E2BE575ED}.Release|Any CPU.Build.0 = Release|Any CPU
	EndGlobalSection
	GlobalSection(SolutionProperties) = preSolution
		HideSolutionNode = FALSE
	EndGlobalSection
	GlobalSection(ExtensibilityGlobals) = postSolution
		SolutionGuid = {30C0E3D8-8232-4BDB-AE56-F95A34C0EA48}
	EndGlobalSection
EndGlobal
